
Microsoft Visual Studio Solution File, Format Version 12.00
Project("{FAE04EC0-301F-11D3-BF4B-00C04F79EFBC}") = "ConvertLetter", "ConvertLetter\ConvertLetter.csproj", "{0557B3DE-EDDF-4F08-BDE2-FD198A2F5AA8}"
EndProject
Global
	GlobalSection(SolutionConfigurationPlatforms) = preSolution
		Debug|Any CPU = Debug|Any CPU
		Release|Any CPU = Release|Any CPU
	EndGlobalSection
	GlobalSection(ProjectConfigurationPlatforms) = postSolution
		{0557B3DE-EDDF-4F08-BDE2-FD198A2F5AA8}.Debug|Any CPU.ActiveCfg = Debug|Any CPU
		{0557B3DE-EDDF-4F08-BDE2-FD198A2F5AA8}.Debug|Any CPU.Build.0 = Debug|Any CPU
		{0557B3DE-EDDF-4F08-BDE2-FD198A2F5AA8}.Release|Any CPU.ActiveCfg = Release|Any CPU
		{0557B3DE-EDDF-4F08-BDE2-FD198A2F5AA8}.Release|Any CPU.Build.0 = Release|Any CPU
	EndGlobalSection
EndGlobal
